{
  "version": "2",
  "remote": {
    "https://deno.land/std@0.193.0/_util/asserts.ts": "178dfc49a464aee693a7e285567b3d0b555dc805ff490505a8aae34f9cfb1462",
    "https://deno.land/std@0.193.0/async/abortable.ts": "fd682fa46f3b7b16b4606a5ab52a7ce309434b76f820d3221bdfb862719a15d7",
    "https://deno.land/std@0.193.0/async/deadline.ts": "58f72a3cc0fcb731b2cc055ba046f4b5be3349ff6bf98f2e793c3b969354aab2",
    "https://deno.land/std@0.193.0/async/debounce.ts": "adab11d04ca38d699444ac8a9d9856b4155e8dda2afd07ce78276c01ea5a4332",
    "https://deno.land/std@0.193.0/async/deferred.ts": "42790112f36a75a57db4a96d33974a936deb7b04d25c6084a9fa8a49f135def8",
    "https://deno.land/std@0.193.0/async/delay.ts": "73aa04cec034c84fc748c7be49bb15cac3dd43a57174bfdb7a4aec22c248f0dd",
    "https://deno.land/std@0.193.0/async/mod.ts": "f04344fa21738e5ad6bea37a6bfffd57c617c2d372bb9f9dcfd118a1b622e576",
    "https://deno.land/std@0.193.0/async/mux_async_iterator.ts": "70c7f2ee4e9466161350473ad61cac0b9f115cff4c552eaa7ef9d50c4cbb4cc9",
    "https://deno.land/std@0.193.0/async/pool.ts": "f1b8d3df4d7fd3c73f8cbc91cc2e8b8e950910f1eab94230b443944d7584c657",
    "https://deno.land/std@0.193.0/async/retry.ts": "b1ccf653954a4e52b3d9731e57d18b864e689a7462e78fb20440b11be9905080",
    "https://deno.land/std@0.193.0/async/tee.ts": "47e42d35f622650b02234d43803d0383a89eb4387e1b83b5a40106d18ae36757",
    "https://deno.land/std@0.193.0/http/server.ts": "1b23463b5b36e4eebc495417f6af47a6f7d52e3294827a1226d2a1aab23d9d20",
    "https://deno.land/x/deno_dom@v0.1.38/build/deno-wasm/deno-wasm.js": "98b1ad24a1c13284557917659402202e5c5258ab1431b3f3a82434ad36ffa05a",
    "https://deno.land/x/deno_dom@v0.1.38/deno-dom-wasm.ts": "bfd999a493a6974e9fca4d331bee03bfb68cfc600c662cd0b48b21d67a2a8ba0",
    "https://deno.land/x/deno_dom@v0.1.38/src/api.ts": "0ff5790f0a3eeecb4e00b7d8fbfa319b165962cf6d0182a65ba90f158d74f7d7",
    "https://deno.land/x/deno_dom@v0.1.38/src/constructor-lock.ts": "59714df7e0571ec7bd338903b1f396202771a6d4d7f55a452936bd0de9deb186",
    "https://deno.land/x/deno_dom@v0.1.38/src/deserialize.ts": "f4d34514ca00473ca428b69ad437ba345925744b5d791cb9552e2d7a0e7b0439",
    "https://deno.land/x/deno_dom@v0.1.38/src/dom/document-fragment.ts": "a40c6e18dd0efcf749a31552c1c9a6f7fa614452245e86ee38fc92ba0235e5ae",
    "https://deno.land/x/deno_dom@v0.1.38/src/dom/document.ts": "b8f4e4ccabaaa063d6562a0f2f8dea9c0419515d63d8bd79bfde95f7cd64bd93",
    "https://deno.land/x/deno_dom@v0.1.38/src/dom/dom-parser.ts": "609097b426f8c2358f3e5d2bca55ed026cf26cdf86562e94130dfdb0f2537f92",
    "https://deno.land/x/deno_dom@v0.1.38/src/dom/element.ts": "77c454e228dfeb5c570da5aa61d91850400116bfa0f5a85505acdd3c667171a4",
    "https://deno.land/x/deno_dom@v0.1.38/src/dom/elements/html-template-element.ts": "127bb291bb08afeb7e9a66294a5aa6ff2780f4eb4601fa6f7869fe8b70a81472",
    "https://deno.land/x/deno_dom@v0.1.38/src/dom/html-collection.ts": "ae90197f5270c32074926ad6cf30ee07d274d44596c7e413c354880cebce8565",
    "https://deno.land/x/deno_dom@v0.1.38/src/dom/node-list.ts": "4c6e4b4585301d4147addaccd90cb5f5a80e8d6290a1ba7058c5e3dfea16e15d",
    "https://deno.land/x/deno_dom@v0.1.38/src/dom/node.ts": "3069e6fc93ac4111a136ed68199d76673339842b9751610ba06f111ba7dc10a7",
    "https://deno.land/x/deno_dom@v0.1.38/src/dom/selectors/custom-api.ts": "852696bd58e534bc41bd3be9e2250b60b67cd95fd28ed16b1deff1d548531a71",
    "https://deno.land/x/deno_dom@v0.1.38/src/dom/selectors/nwsapi-types.ts": "c43b36c36acc5d32caabaa54fda8c9d239b2b0fcbce9a28efb93c84aa1021698",
    "https://deno.land/x/deno_dom@v0.1.38/src/dom/selectors/nwsapi.js": "985d7d8fc1eabbb88946b47a1c44c1b2d4aa79ff23c21424219f1528fa27a2ff",
    "https://deno.land/x/deno_dom@v0.1.38/src/dom/selectors/selectors.ts": "83eab57be2290fb48e3130533448c93c6c61239f2a2f3b85f1917f80ca0fdc75",
    "https://deno.land/x/deno_dom@v0.1.38/src/dom/selectors/sizzle-types.ts": "78149e2502409989ce861ed636b813b059e16bc267bb543e7c2b26ef43e4798b",
    "https://deno.land/x/deno_dom@v0.1.38/src/dom/selectors/sizzle.js": "c3aed60c1045a106d8e546ac2f85cc82e65f62d9af2f8f515210b9212286682a",
    "https://deno.land/x/deno_dom@v0.1.38/src/dom/utils-types.ts": "96db30e3e4a75b194201bb9fa30988215da7f91b380fca6a5143e51ece2a8436",
    "https://deno.land/x/deno_dom@v0.1.38/src/dom/utils.ts": "55f3e9dc71d6c4a54605888d3f99d26fb0cf9973924709f159252a6933ceeabe",
    "https://deno.land/x/deno_dom@v0.1.38/src/parser.ts": "b65eb7e673fa7ca611de871de109655f0aa9fa35ddc1de73df1a5fc2baafc332",
    "https://esm.sh/@mozilla/readability@0.4.4": "ebfb67b0c0977816af57b49db3e7ecec3c30d720877b44d01483c5ab0891655f",
    "https://esm.sh/jsdom@22.1.0": "0604509b2d166db70e6e07f500cab4009fa001fb433b1ca0ea19013ddea7582c",
    "https://esm.sh/v127/@mozilla/readability@0.4.4/denonext/readability.mjs": "a107e2d7f60efc74e41ce00ca0d14bd04bf548dbd55ae86725b64e8e83dec241",
    "https://esm.sh/v127/@tootallnate/once@2.0.0/denonext/once.mjs": "2c69d53dd1de1d7e5f9a78d46041f5d869f7d058f22d72e7f25821e61dddd147",
    "https://esm.sh/v127/abab@2.0.6/denonext/abab.mjs": "7101c07a728882d686222e5f5c5a6fa956a558e4f406c521f1c0b61bc60cd07d",
    "https://esm.sh/v127/agent-base@6.0.2/denonext/agent-base.mjs": "43dadc2de1cef440aa1af8e811931820aa03acf2d265accc00d13f4fa4f3d20a",
    "https://esm.sh/v127/bufferutil@4.0.7/denonext/bufferutil.mjs": "4c79402330e9c4bda7bad7d15f15c72291705479be71b78f896c81fbf849488c",
    "https://esm.sh/v127/canvas@2.11.2/denonext/canvas.mjs": "4245b1d01d91b5e807b85e40e98efe28c93634260bd8cb5ac0da71c42098a1a4",
    "https://esm.sh/v127/cssstyle@3.0.0/denonext/cssstyle.mjs": "aed4411471c2276755510fc238248869758eb590fbb568ab7514db0fd0e65d65",
    "https://esm.sh/v127/data-urls@4.0.0/denonext/data-urls.mjs": "9aca90ca01b2e72e18c708e250c74c2d30ef743a70ae7e41f33fb08aaa2626cf",
    "https://esm.sh/v127/debug@4.3.4/denonext/debug.mjs": "c3fae86cb39980ec474cbcedafd1d58fee436b92eafd36c286b80bc2de834ca5",
    "https://esm.sh/v127/decimal.js@10.4.3/denonext/decimal.mjs": "ece864b80732112b324aed7fd89ec03128627206e1e4b30057651f495b594dee",
    "https://esm.sh/v127/domexception@4.0.0/denonext/webidl2js-wrapper.js": "a75104c43b2406d5c066f4cb9522570db897983babe77a4a5c66476cb606f237",
    "https://esm.sh/v127/entities@4.5.0/denonext/lib/decode.js": "7fea6d8bd725edbbf7ea05031d2ea1bbbc1166dc11e3345d541198dd2dc16f1e",
    "https://esm.sh/v127/entities@4.5.0/denonext/lib/escape.js": "7ebdc622bf3618bab25db40da4a49e2b9d03f044745f125f0bc3359f2d060def",
    "https://esm.sh/v127/form-data@4.0.0/denonext/form-data.mjs": "48e84ac3b590bc364839367938d7e48ca37615a0c66e56dcc7356c3172ec7790",
    "https://esm.sh/v127/html-encoding-sniffer@3.0.0/denonext/html-encoding-sniffer.mjs": "36211ba6820a8a32c279297ceab5f98e7c2cfe721e29ae03602e216e94fa7028",
    "https://esm.sh/v127/http-proxy-agent@5.0.0/denonext/http-proxy-agent.mjs": "ac85603808097ee00fb819a67de4461aace427a47a9fd3e530260911a8f46f8e",
    "https://esm.sh/v127/https-proxy-agent@5.0.1/denonext/https-proxy-agent.mjs": "dfa50e27e923fd9ff0d382c597f559b5d20cda6a478f648226652c1fbd570347",
    "https://esm.sh/v127/iconv-lite@0.6.3/denonext/iconv-lite.mjs": "d5eee71915d1b6345a134a7ac3b02e1cff8b2f9fc2569f1dbcec294d7de504cc",
    "https://esm.sh/v127/is-potential-custom-element-name@1.0.1/denonext/is-potential-custom-element-name.mjs": "de2781ef99795b662f43c0840c3dcfdc303f9e60a75e66924370f902133469ed",
    "https://esm.sh/v127/jsdom@22.1.0/denonext/jsdom.mjs": "3c45f4609fb468e8cd4e380889bd2393b4481f98ea42c6d98c4929dcc6ff6397",
    "https://esm.sh/v127/ms@2.1.2/denonext/ms.mjs": "aa4dc45ba72554c5011168f8910cc646c37af53cfff1a15a4decced838b8eb14",
    "https://esm.sh/v127/node-gyp-build@4.6.0/denonext/node-gyp-build.mjs": "0de7d4d97a896a89efb9b3a31a0746f89f5c0e86d7f92badd0fddc3cd22ca40b",
    "https://esm.sh/v127/nwsapi@2.2.5/denonext/nwsapi.mjs": "6ae1d41b70331b092489fe5af53d6ab14e794cf6cd9282f46797ba7bf3fb0d24",
    "https://esm.sh/v127/parse5@7.1.2/denonext/parse5.mjs": "cc67e5b28504f6c122b344b0dc0b117cd3c4a43436720b21f771d7e18e2ea917",
    "https://esm.sh/v127/psl@1.9.0/denonext/psl.mjs": "f40e9bcba5f6602eeb677f85f8e2b5c24b706bade58ced5b272044ebea609d9b",
    "https://esm.sh/v127/querystringify@2.2.0/denonext/querystringify.mjs": "4f0f639f99ec4a7ddaffb886bd7e6f3fe4b088e1fcd60336dd10d447d2093ef6",
    "https://esm.sh/v127/requires-port@1.0.0/denonext/requires-port.mjs": "c4f20b71539d08fc2662d75dfd79881fce985a0e4592268f18ac13bf53679efa",
    "https://esm.sh/v127/rrweb-cssom@0.6.0/denonext/rrweb-cssom.mjs": "e2a14692d801a24edadd3fd4ecdf017382494258064134e33390a6bf1146950d",
    "https://esm.sh/v127/safer-buffer@2.1.2/denonext/safer-buffer.mjs": "ce0e787812c668ba082ad5b75958490c714b6e05836bd5b6013d9f75727c006f",
    "https://esm.sh/v127/saxes@6.0.0/denonext/saxes.mjs": "8f68c05e03f7ef1db66cbf8050027b837c63c5d5e444bceb796f7ced9e343130",
    "https://esm.sh/v127/symbol-tree@3.2.4/denonext/symbol-tree.mjs": "67199d1e47bd6e5b7d2715dd04d25658061c95fc4464f7d200b6aab9e439b5f4",
    "https://esm.sh/v127/tough-cookie@4.1.3/denonext/tough-cookie.mjs": "e8e2d85035d09a94162a912ed238bf01941248926cb60d3827f43babf7dcaea8",
    "https://esm.sh/v127/tr46@4.1.1/denonext/tr46.mjs": "2042307b546151186c6912a27265e444331e3d0bd6820c92a750aa67b3e5fdfc",
    "https://esm.sh/v127/universalify@0.2.0/denonext/universalify.mjs": "6ebb2a9b372d4ae89f494d9b0044942dc76a5b5fb366ab3018e2bf0aeb8eae94",
    "https://esm.sh/v127/url-parse@1.5.10/denonext/url-parse.mjs": "6a1ff5c1745c5372e920ecd304510fef47c161f39bb5cab6299833ea06c0dff7",
    "https://esm.sh/v127/utf-8-validate@6.0.3/denonext/utf-8-validate.mjs": "8bc0248aae5c6bd50362b6fc568bbdc0e59d02df14d97b4a4ba06ae42fbeba27",
    "https://esm.sh/v127/w3c-xmlserializer@4.0.0/denonext/w3c-xmlserializer.mjs": "3acc74920cd82d13735554b972350d9fa999fbca875cdcd37f0964e4ae700846",
    "https://esm.sh/v127/webidl-conversions@7.0.0/denonext/webidl-conversions.mjs": "04e3e6917179380727c6f65cd16a5a89836fb5a104fe5524c10a0a697f88d552",
    "https://esm.sh/v127/whatwg-encoding@2.0.0/denonext/whatwg-encoding.mjs": "73e298dd2848a928750c98a6dea707f3411989cc12d413945f73f6ccb0218866",
    "https://esm.sh/v127/whatwg-mimetype@3.0.0/denonext/whatwg-mimetype.mjs": "59446370c8333e5956416535e9773585645c22e7ea3420c8df5d78d1e9127c59",
    "https://esm.sh/v127/whatwg-url@12.0.1/denonext/webidl2js-wrapper.js": "dff2b9f73c508f123bec2f6b91aa7564bad25bd88d7196597f0aa7a1824fcd35",
    "https://esm.sh/v127/whatwg-url@12.0.1/denonext/whatwg-url.mjs": "fbb0d465dc49b7588d4a8a90360b6b253f472df0e8b9fbf3db8b2571622f6abd",
    "https://esm.sh/v127/ws@8.13.0/denonext/ws.mjs": "f130e59ef1c48b204441c94fb363399dc1e8e0deca90ef8fe8e2cf4615c6b565",
    "https://esm.sh/v127/xml-name-validator@4.0.0/denonext/xml-name-validator.mjs": "69af66c891312f304a8be720961ad5cce5c49c85a3bba03275b56a70dec7a21e",
    "https://esm.sh/v127/xmlchars@2.2.0/denonext/xml/1.0/ed5.js": "60f8f018eb1d79d69a41324155b7d9f52f1058b37060b28acc1dfc49446e549d",
    "https://esm.sh/v127/xmlchars@2.2.0/denonext/xml/1.1/ed2.js": "ba7d1fe5694f62469c4b293a1fadad332c637cbcfbc74147a296475c2ff8ad3d",
    "https://esm.sh/v127/xmlchars@2.2.0/denonext/xmlns/1.0/ed3.js": "929d15ffc72d56c8909f87e7df8288f060bda0256622e8e95c24f0decb06adc7"
  }
}
